<?xml version="1.0" encoding="utf-8"?>
<Project ToolsVersion="4.0" xmlns="http://schemas.microsoft.com/developer/msbuild/2003">
  <ItemGroup>
    <Filter Include="Vendor">
      <UniqueIdentifier>{935FDCD7-7F01-07AE-68BC-1A0254FD8DFE}</UniqueIdentifier>
    </Filter>
    <Filter Include="Vendor\SDL2-2.0.12">
      <UniqueIdentifier>{E50A4860-D1EE-08B6-3A4F-03092652F337}</UniqueIdentifier>
    </Filter>
    <Filter Include="Vendor\SDL2-2.0.12\docs">
      <UniqueIdentifier>{FDDC963A-6914-DFD1-721E-43F5DED405CB}</UniqueIdentifier>
    </Filter>
    <Filter Include="Vendor\SDL2-2.0.12\include">
      <UniqueIdentifier>{58479032-4457-3C03-AD10-A121993F2B9C}</UniqueIdentifier>
    </Filter>
    <Filter Include="Vendor\SDL2-2.0.12\lib">
      <UniqueIdentifier>{8B948809-778E-B15B-60FB-476C4C9417C8}</UniqueIdentifier>
    </Filter>
    <Filter Include="Vendor\SDL2-2.0.12\lib\x64">
      <UniqueIdentifier>{7CADA10D-68BD-4DDE-D176-B2FCBDA53C77}</UniqueIdentifier>
    </Filter>
    <Filter Include="Vendor\SDL2-2.0.12\lib\x86">
      <UniqueIdentifier>{C0ADA10D-ACBD-4DDE-1577-B2FC01A63C77}</UniqueIdentifier>
    </Filter>
    <Filter Include="Vendor\spdlog">
      <UniqueIdentifier>{6B8C7E36-D74C-FA6C-A087-43EA0C073F49}</UniqueIdentifier>
    </Filter>
    <Filter Include="Vendor\spdlog\bench">
      <UniqueIdentifier>{FA0A9817-666C-7525-EFD9-BBD75B3AACE4}</UniqueIdentifier>
    </Filter>
    <Filter Include="Vendor\spdlog\cmake">
      <UniqueIdentifier>{3B50AE17-A7B1-8B25-301F-D2D79C7FC2E4}</UniqueIdentifier>
    </Filter>
    <Filter Include="Vendor\spdlog\example">
      <UniqueIdentifier>{46D92170-B245-DD6A-7B39-75C8E764FFD2}</UniqueIdentifier>
    </Filter>
    <Filter Include="Vendor\spdlog\include">
      <UniqueIdentifier>{DEEEDA8C-4A5B-9687-134F-2EE57F7AB8EF}</UniqueIdentifier>
    </Filter>
    <Filter Include="Vendor\spdlog\include\spdlog">
      <UniqueIdentifier>{5699EF9E-4254-DF4A-EB0B-5895D7A529DB}</UniqueIdentifier>
    </Filter>
    <Filter Include="Vendor\spdlog\include\spdlog\cfg">
      <UniqueIdentifier>{D5CC4355-C11D-2F97-EA81-1D59D631C200}</UniqueIdentifier>
    </Filter>
    <Filter Include="Vendor\spdlog\include\spdlog\details">
      <UniqueIdentifier>{CB7F1F05-B766-E1FC-60B7-471A4C7D5A63}</UniqueIdentifier>
    </Filter>
    <Filter Include="Vendor\spdlog\include\spdlog\fmt">
      <UniqueIdentifier>{8CDA4355-782B-2F97-A18F-1D598D3FC200}</UniqueIdentifier>
    </Filter>
    <Filter Include="Vendor\spdlog\include\spdlog\fmt\bundled">
      <UniqueIdentifier>{79C55785-6542-4BC8-8EBF-4BDC7A9BE75B}</UniqueIdentifier>
    </Filter>
    <Filter Include="Vendor\spdlog\include\spdlog\sinks">
      <UniqueIdentifier>{4DAF8DB6-39EB-9020-A2FD-A8178E58393B}</UniqueIdentifier>
    </Filter>
    <Filter Include="Vendor\spdlog\logos">
      <UniqueIdentifier>{9E5F5218-0AC1-2F26-932E-76D8FF8E66E5}</UniqueIdentifier>
    </Filter>
    <Filter Include="Vendor\spdlog\scripts">
      <UniqueIdentifier>{C2460676-2EB3-C170-F7A6-59CE63D2E3D8}</UniqueIdentifier>
    </Filter>
    <Filter Include="Vendor\spdlog\src">
      <UniqueIdentifier>{02889032-6E9E-8EC8-B715-1AEA236B5F50}</UniqueIdentifier>
    </Filter>
    <Filter Include="Vendor\spdlog\tests">
      <UniqueIdentifier>{8DDBDD18-F93C-BB26-82AA-01D9EE0AF2E5}</UniqueIdentifier>
    </Filter>
    <Filter Include="src">
      <UniqueIdentifier>{2DAB880B-99B4-887C-2230-9F7C8E38947C}</UniqueIdentifier>
    </Filter>
    <Filter Include="src\Flipper">
      <UniqueIdentifier>{6EBFFE1C-DA74-7712-6369-71E9CF1D6E16}</UniqueIdentifier>
    </Filter>
  </ItemGroup>
  <ItemGroup>
    <ClInclude Include="Vendor\SDL2-2.0.12\include\SDL.h">
      <Filter>Vendor\SDL2-2.0.12\include</Filter>
    </ClInclude>
    <ClInclude Include="Vendor\SDL2-2.0.12\include\SDL_assert.h">
      <Filter>Vendor\SDL2-2.0.12\include</Filter>
    </ClInclude>
    <ClInclude Include="Vendor\SDL2-2.0.12\include\SDL_atomic.h">
      <Filter>Vendor\SDL2-2.0.12\include</Filter>
    </ClInclude>
    <ClInclude Include="Vendor\SDL2-2.0.12\include\SDL_audio.h">
      <Filter>Vendor\SDL2-2.0.12\include</Filter>
    </ClInclude>
    <ClInclude Include="Vendor\SDL2-2.0.12\include\SDL_bits.h">
      <Filter>Vendor\SDL2-2.0.12\include</Filter>
    </ClInclude>
    <ClInclude Include="Vendor\SDL2-2.0.12\include\SDL_blendmode.h">
      <Filter>Vendor\SDL2-2.0.12\include</Filter>
    </ClInclude>
    <ClInclude Include="Vendor\SDL2-2.0.12\include\SDL_clipboard.h">
      <Filter>Vendor\SDL2-2.0.12\include</Filter>
    </ClInclude>
    <ClInclude Include="Vendor\SDL2-2.0.12\include\SDL_config.h">
      <Filter>Vendor\SDL2-2.0.12\include</Filter>
    </ClInclude>
    <ClInclude Include="Vendor\SDL2-2.0.12\include\SDL_config_android.h">
      <Filter>Vendor\SDL2-2.0.12\include</Filter>
    </ClInclude>
    <ClInclude Include="Vendor\SDL2-2.0.12\include\SDL_config_iphoneos.h">
      <Filter>Vendor\SDL2-2.0.12\include</Filter>
    </ClInclude>
    <ClInclude Include="Vendor\SDL2-2.0.12\include\SDL_config_macosx.h">
      <Filter>Vendor\SDL2-2.0.12\include</Filter>
    </ClInclude>
    <ClInclude Include="Vendor\SDL2-2.0.12\include\SDL_config_minimal.h">
      <Filter>Vendor\SDL2-2.0.12\include</Filter>
    </ClInclude>
    <ClInclude Include="Vendor\SDL2-2.0.12\include\SDL_config_pandora.h">
      <Filter>Vendor\SDL2-2.0.12\include</Filter>
    </ClInclude>
    <ClInclude Include="Vendor\SDL2-2.0.12\include\SDL_config_psp.h">
      <Filter>Vendor\SDL2-2.0.12\include</Filter>
    </ClInclude>
    <ClInclude Include="Vendor\SDL2-2.0.12\include\SDL_config_windows.h">
      <Filter>Vendor\SDL2-2.0.12\include</Filter>
    </ClInclude>
    <ClInclude Include="Vendor\SDL2-2.0.12\include\SDL_config_winrt.h">
      <Filter>Vendor\SDL2-2.0.12\include</Filter>
    </ClInclude>
    <ClInclude Include="Vendor\SDL2-2.0.12\include\SDL_config_wiz.h">
      <Filter>Vendor\SDL2-2.0.12\include</Filter>
    </ClInclude>
    <ClInclude Include="Vendor\SDL2-2.0.12\include\SDL_copying.h">
      <Filter>Vendor\SDL2-2.0.12\include</Filter>
    </ClInclude>
    <ClInclude Include="Vendor\SDL2-2.0.12\include\SDL_cpuinfo.h">
      <Filter>Vendor\SDL2-2.0.12\include</Filter>
    </ClInclude>
    <ClInclude Include="Vendor\SDL2-2.0.12\include\SDL_egl.h">
      <Filter>Vendor\SDL2-2.0.12\include</Filter>
    </ClInclude>
    <ClInclude Include="Vendor\SDL2-2.0.12\include\SDL_endian.h">
      <Filter>Vendor\SDL2-2.0.12\include</Filter>
    </ClInclude>
    <ClInclude Include="Vendor\SDL2-2.0.12\include\SDL_error.h">
      <Filter>Vendor\SDL2-2.0.12\include</Filter>
    </ClInclude>
    <ClInclude Include="Vendor\SDL2-2.0.12\include\SDL_events.h">
      <Filter>Vendor\SDL2-2.0.12\include</Filter>
    </ClInclude>
    <ClInclude Include="Vendor\SDL2-2.0.12\include\SDL_filesystem.h">
      <Filter>Vendor\SDL2-2.0.12\include</Filter>
    </ClInclude>
    <ClInclude Include="Vendor\SDL2-2.0.12\include\SDL_gamecontroller.h">
      <Filter>Vendor\SDL2-2.0.12\include</Filter>
    </ClInclude>
    <ClInclude Include="Vendor\SDL2-2.0.12\include\SDL_gesture.h">
      <Filter>Vendor\SDL2-2.0.12\include</Filter>
    </ClInclude>
    <ClInclude Include="Vendor\SDL2-2.0.12\include\SDL_haptic.h">
      <Filter>Vendor\SDL2-2.0.12\include</Filter>
    </ClInclude>
    <ClInclude Include="Vendor\SDL2-2.0.12\include\SDL_hints.h">
      <Filter>Vendor\SDL2-2.0.12\include</Filter>
    </ClInclude>
    <ClInclude Include="Vendor\SDL2-2.0.12\include\SDL_image.h">
      <Filter>Vendor\SDL2-2.0.12\include</Filter>
    </ClInclude>
    <ClInclude Include="Vendor\SDL2-2.0.12\include\SDL_joystick.h">
      <Filter>Vendor\SDL2-2.0.12\include</Filter>
    </ClInclude>
    <ClInclude Include="Vendor\SDL2-2.0.12\include\SDL_keyboard.h">
      <Filter>Vendor\SDL2-2.0.12\include</Filter>
    </ClInclude>
    <ClInclude Include="Vendor\SDL2-2.0.12\include\SDL_keycode.h">
      <Filter>Vendor\SDL2-2.0.12\include</Filter>
    </ClInclude>
    <ClInclude Include="Vendor\SDL2-2.0.12\include\SDL_loadso.h">
      <Filter>Vendor\SDL2-2.0.12\include</Filter>
    </ClInclude>
    <ClInclude Include="Vendor\SDL2-2.0.12\include\SDL_log.h">
      <Filter>Vendor\SDL2-2.0.12\include</Filter>
    </ClInclude>
    <ClInclude Include="Vendor\SDL2-2.0.12\include\SDL_main.h">
      <Filter>Vendor\SDL2-2.0.12\include</Filter>
    </ClInclude>
    <ClInclude Include="Vendor\SDL2-2.0.12\include\SDL_messagebox.h">
      <Filter>Vendor\SDL2-2.0.12\include</Filter>
    </ClInclude>
    <ClInclude Include="Vendor\SDL2-2.0.12\include\SDL_metal.h">
      <Filter>Vendor\SDL2-2.0.12\include</Filter>
    </ClInclude>
    <ClInclude Include="Vendor\SDL2-2.0.12\include\SDL_mouse.h">
      <Filter>Vendor\SDL2-2.0.12\include</Filter>
    </ClInclude>
    <ClInclude Include="Vendor\SDL2-2.0.12\include\SDL_mutex.h">
      <Filter>Vendor\SDL2-2.0.12\include</Filter>
    </ClInclude>
    <ClInclude Include="Vendor\SDL2-2.0.12\include\SDL_name.h">
      <Filter>Vendor\SDL2-2.0.12\include</Filter>
    </ClInclude>
    <ClInclude Include="Vendor\SDL2-2.0.12\include\SDL_opengl.h">
      <Filter>Vendor\SDL2-2.0.12\include</Filter>
    </ClInclude>
    <ClInclude Include="Vendor\SDL2-2.0.12\include\SDL_opengl_glext.h">
      <Filter>Vendor\SDL2-2.0.12\include</Filter>
    </ClInclude>
    <ClInclude Include="Vendor\SDL2-2.0.12\include\SDL_opengles.h">
      <Filter>Vendor\SDL2-2.0.12\include</Filter>
    </ClInclude>
    <ClInclude Include="Vendor\SDL2-2.0.12\include\SDL_opengles2.h">
      <Filter>Vendor\SDL2-2.0.12\include</Filter>
    </ClInclude>
    <ClInclude Include="Vendor\SDL2-2.0.12\include\SDL_opengles2_gl2.h">
      <Filter>Vendor\SDL2-2.0.12\include</Filter>
    </ClInclude>
    <ClInclude Include="Vendor\SDL2-2.0.12\include\SDL_opengles2_gl2ext.h">
      <Filter>Vendor\SDL2-2.0.12\include</Filter>
    </ClInclude>
    <ClInclude Include="Vendor\SDL2-2.0.12\include\SDL_opengles2_gl2platform.h">
      <Filter>Vendor\SDL2-2.0.12\include</Filter>
    </ClInclude>
    <ClInclude Include="Vendor\SDL2-2.0.12\include\SDL_opengles2_khrplatform.h">
      <Filter>Vendor\SDL2-2.0.12\include</Filter>
    </ClInclude>
    <ClInclude Include="Vendor\SDL2-2.0.12\include\SDL_pixels.h">
      <Filter>Vendor\SDL2-2.0.12\include</Filter>
    </ClInclude>
    <ClInclude Include="Vendor\SDL2-2.0.12\include\SDL_platform.h">
      <Filter>Vendor\SDL2-2.0.12\include</Filter>
    </ClInclude>
    <ClInclude Include="Vendor\SDL2-2.0.12\include\SDL_power.h">
      <Filter>Vendor\SDL2-2.0.12\include</Filter>
    </ClInclude>
    <ClInclude Include="Vendor\SDL2-2.0.12\include\SDL_quit.h">
      <Filter>Vendor\SDL2-2.0.12\include</Filter>
    </ClInclude>
    <ClInclude Include="Vendor\SDL2-2.0.12\include\SDL_rect.h">
      <Filter>Vendor\SDL2-2.0.12\include</Filter>
    </ClInclude>
    <ClInclude Include="Vendor\SDL2-2.0.12\include\SDL_render.h">
      <Filter>Vendor\SDL2-2.0.12\include</Filter>
    </ClInclude>
    <ClInclude Include="Vendor\SDL2-2.0.12\include\SDL_revision.h">
      <Filter>Vendor\SDL2-2.0.12\include</Filter>
    </ClInclude>
    <ClInclude Include="Vendor\SDL2-2.0.12\include\SDL_rwops.h">
      <Filter>Vendor\SDL2-2.0.12\include</Filter>
    </ClInclude>
    <ClInclude Include="Vendor\SDL2-2.0.12\include\SDL_scancode.h">
      <Filter>Vendor\SDL2-2.0.12\include</Filter>
    </ClInclude>
    <ClInclude Include="Vendor\SDL2-2.0.12\include\SDL_sensor.h">
      <Filter>Vendor\SDL2-2.0.12\include</Filter>
    </ClInclude>
    <ClInclude Include="Vendor\SDL2-2.0.12\include\SDL_shape.h">
      <Filter>Vendor\SDL2-2.0.12\include</Filter>
    </ClInclude>
    <ClInclude Include="Vendor\SDL2-2.0.12\include\SDL_stdinc.h">
      <Filter>Vendor\SDL2-2.0.12\include</Filter>
    </ClInclude>
    <ClInclude Include="Vendor\SDL2-2.0.12\include\SDL_surface.h">
      <Filter>Vendor\SDL2-2.0.12\include</Filter>
    </ClInclude>
    <ClInclude Include="Vendor\SDL2-2.0.12\include\SDL_system.h">
      <Filter>Vendor\SDL2-2.0.12\include</Filter>
    </ClInclude>
    <ClInclude Include="Vendor\SDL2-2.0.12\include\SDL_syswm.h">
      <Filter>Vendor\SDL2-2.0.12\include</Filter>
    </ClInclude>
    <ClInclude Include="Vendor\SDL2-2.0.12\include\SDL_test.h">
      <Filter>Vendor\SDL2-2.0.12\include</Filter>
    </ClInclude>
    <ClInclude Include="Vendor\SDL2-2.0.12\include\SDL_test_assert.h">
      <Filter>Vendor\SDL2-2.0.12\include</Filter>
    </ClInclude>
    <ClInclude Include="Vendor\SDL2-2.0.12\include\SDL_test_common.h">
      <Filter>Vendor\SDL2-2.0.12\include</Filter>
    </ClInclude>
    <ClInclude Include="Vendor\SDL2-2.0.12\include\SDL_test_compare.h">
      <Filter>Vendor\SDL2-2.0.12\include</Filter>
    </ClInclude>
    <ClInclude Include="Vendor\SDL2-2.0.12\include\SDL_test_crc32.h">
      <Filter>Vendor\SDL2-2.0.12\include</Filter>
    </ClInclude>
    <ClInclude Include="Vendor\SDL2-2.0.12\include\SDL_test_font.h">
      <Filter>Vendor\SDL2-2.0.12\include</Filter>
    </ClInclude>
    <ClInclude Include="Vendor\SDL2-2.0.12\include\SDL_test_fuzzer.h">
      <Filter>Vendor\SDL2-2.0.12\include</Filter>
    </ClInclude>
    <ClInclude Include="Vendor\SDL2-2.0.12\include\SDL_test_harness.h">
      <Filter>Vendor\SDL2-2.0.12\include</Filter>
    </ClInclude>
    <ClInclude Include="Vendor\SDL2-2.0.12\include\SDL_test_images.h">
      <Filter>Vendor\SDL2-2.0.12\include</Filter>
    </ClInclude>
    <ClInclude Include="Vendor\SDL2-2.0.12\include\SDL_test_log.h">
      <Filter>Vendor\SDL2-2.0.12\include</Filter>
    </ClInclude>
    <ClInclude Include="Vendor\SDL2-2.0.12\include\SDL_test_md5.h">
      <Filter>Vendor\SDL2-2.0.12\include</Filter>
    </ClInclude>
    <ClInclude Include="Vendor\SDL2-2.0.12\include\SDL_test_memory.h">
      <Filter>Vendor\SDL2-2.0.12\include</Filter>
    </ClInclude>
    <ClInclude Include="Vendor\SDL2-2.0.12\include\SDL_test_random.h">
      <Filter>Vendor\SDL2-2.0.12\include</Filter>
    </ClInclude>
    <ClInclude Include="Vendor\SDL2-2.0.12\include\SDL_thread.h">
      <Filter>Vendor\SDL2-2.0.12\include</Filter>
    </ClInclude>
    <ClInclude Include="Vendor\SDL2-2.0.12\include\SDL_timer.h">
      <Filter>Vendor\SDL2-2.0.12\include</Filter>
    </ClInclude>
    <ClInclude Include="Vendor\SDL2-2.0.12\include\SDL_touch.h">
      <Filter>Vendor\SDL2-2.0.12\include</Filter>
    </ClInclude>
    <ClInclude Include="Vendor\SDL2-2.0.12\include\SDL_types.h">
      <Filter>Vendor\SDL2-2.0.12\include</Filter>
    </ClInclude>
    <ClInclude Include="Vendor\SDL2-2.0.12\include\SDL_version.h">
      <Filter>Vendor\SDL2-2.0.12\include</Filter>
    </ClInclude>
    <ClInclude Include="Vendor\SDL2-2.0.12\include\SDL_video.h">
      <Filter>Vendor\SDL2-2.0.12\include</Filter>
    </ClInclude>
    <ClInclude Include="Vendor\SDL2-2.0.12\include\SDL_vulkan.h">
      <Filter>Vendor\SDL2-2.0.12\include</Filter>
    </ClInclude>
    <ClInclude Include="Vendor\SDL2-2.0.12\include\begin_code.h">
      <Filter>Vendor\SDL2-2.0.12\include</Filter>
    </ClInclude>
    <ClInclude Include="Vendor\SDL2-2.0.12\include\close_code.h">
      <Filter>Vendor\SDL2-2.0.12\include</Filter>
    </ClInclude>
    <ClInclude Include="Vendor\spdlog\bench\utils.h">
      <Filter>Vendor\spdlog\bench</Filter>
    </ClInclude>
    <ClInclude Include="Vendor\spdlog\include\spdlog\async.h">
      <Filter>Vendor\spdlog\include\spdlog</Filter>
    </ClInclude>
    <ClInclude Include="Vendor\spdlog\include\spdlog\async_logger-inl.h">
      <Filter>Vendor\spdlog\include\spdlog</Filter>
    </ClInclude>
    <ClInclude Include="Vendor\spdlog\include\spdlog\async_logger.h">
      <Filter>Vendor\spdlog\include\spdlog</Filter>
    </ClInclude>
    <ClInclude Include="Vendor\spdlog\include\spdlog\cfg\argv.h">
      <Filter>Vendor\spdlog\include\spdlog\cfg</Filter>
    </ClInclude>
    <ClInclude Include="Vendor\spdlog\include\spdlog\cfg\env.h">
      <Filter>Vendor\spdlog\include\spdlog\cfg</Filter>
    </ClInclude>
    <ClInclude Include="Vendor\spdlog\include\spdlog\cfg\helpers-inl.h">
      <Filter>Vendor\spdlog\include\spdlog\cfg</Filter>
    </ClInclude>
    <ClInclude Include="Vendor\spdlog\include\spdlog\cfg\helpers.h">
      <Filter>Vendor\spdlog\include\spdlog\cfg</Filter>
    </ClInclude>
    <ClInclude Include="Vendor\spdlog\include\spdlog\cfg\log_levels.h">
      <Filter>Vendor\spdlog\include\spdlog\cfg</Filter>
    </ClInclude>
    <ClInclude Include="Vendor\spdlog\include\spdlog\common-inl.h">
      <Filter>Vendor\spdlog\include\spdlog</Filter>
    </ClInclude>
    <ClInclude Include="Vendor\spdlog\include\spdlog\common.h">
      <Filter>Vendor\spdlog\include\spdlog</Filter>
    </ClInclude>
    <ClInclude Include="Vendor\spdlog\include\spdlog\details\backtracer-inl.h">
      <Filter>Vendor\spdlog\include\spdlog\details</Filter>
    </ClInclude>
    <ClInclude Include="Vendor\spdlog\include\spdlog\details\backtracer.h">
      <Filter>Vendor\spdlog\include\spdlog\details</Filter>
    </ClInclude>
    <ClInclude Include="Vendor\spdlog\include\spdlog\details\circular_q.h">
      <Filter>Vendor\spdlog\include\spdlog\details</Filter>
    </ClInclude>
    <ClInclude Include="Vendor\spdlog\include\spdlog\details\console_globals.h">
      <Filter>Vendor\spdlog\include\spdlog\details</Filter>
    </ClInclude>
    <ClInclude Include="Vendor\spdlog\include\spdlog\details\file_helper-inl.h">
      <Filter>Vendor\spdlog\include\spdlog\details</Filter>
    </ClInclude>
    <ClInclude Include="Vendor\spdlog\include\spdlog\details\file_helper.h">
      <Filter>Vendor\spdlog\include\spdlog\details</Filter>
    </ClInclude>
    <ClInclude Include="Vendor\spdlog\include\spdlog\details\fmt_helper.h">
      <Filter>Vendor\spdlog\include\spdlog\details</Filter>
    </ClInclude>
    <ClInclude Include="Vendor\spdlog\include\spdlog\details\log_msg-inl.h">
      <Filter>Vendor\spdlog\include\spdlog\details</Filter>
    </ClInclude>
    <ClInclude Include="Vendor\spdlog\include\spdlog\details\log_msg.h">
      <Filter>Vendor\spdlog\include\spdlog\details</Filter>
    </ClInclude>
    <ClInclude Include="Vendor\spdlog\include\spdlog\details\log_msg_buffer-inl.h">
      <Filter>Vendor\spdlog\include\spdlog\details</Filter>
    </ClInclude>
    <ClInclude Include="Vendor\spdlog\include\spdlog\details\log_msg_buffer.h">
      <Filter>Vendor\spdlog\include\spdlog\details</Filter>
    </ClInclude>
    <ClInclude Include="Vendor\spdlog\include\spdlog\details\mpmc_blocking_q.h">
      <Filter>Vendor\spdlog\include\spdlog\details</Filter>
    </ClInclude>
    <ClInclude Include="Vendor\spdlog\include\spdlog\details\null_mutex.h">
      <Filter>Vendor\spdlog\include\spdlog\details</Filter>
    </ClInclude>
    <ClInclude Include="Vendor\spdlog\include\spdlog\details\os-inl.h">
      <Filter>Vendor\spdlog\include\spdlog\details</Filter>
    </ClInclude>
    <ClInclude Include="Vendor\spdlog\include\spdlog\details\os.h">
      <Filter>Vendor\spdlog\include\spdlog\details</Filter>
    </ClInclude>
    <ClInclude Include="Vendor\spdlog\include\spdlog\details\periodic_worker-inl.h">
      <Filter>Vendor\spdlog\include\spdlog\details</Filter>
    </ClInclude>
    <ClInclude Include="Vendor\spdlog\include\spdlog\details\periodic_worker.h">
      <Filter>Vendor\spdlog\include\spdlog\details</Filter>
    </ClInclude>
    <ClInclude Include="Vendor\spdlog\include\spdlog\details\registry-inl.h">
      <Filter>Vendor\spdlog\include\spdlog\details</Filter>
    </ClInclude>
    <ClInclude Include="Vendor\spdlog\include\spdlog\details\registry.h">
      <Filter>Vendor\spdlog\include\spdlog\details</Filter>
    </ClInclude>
    <ClInclude Include="Vendor\spdlog\include\spdlog\details\synchronous_factory.h">
      <Filter>Vendor\spdlog\include\spdlog\details</Filter>
    </ClInclude>
    <ClInclude Include="Vendor\spdlog\include\spdlog\details\tcp_client-windows.h">
      <Filter>Vendor\spdlog\include\spdlog\details</Filter>
    </ClInclude>
    <ClInclude Include="Vendor\spdlog\include\spdlog\details\tcp_client.h">
      <Filter>Vendor\spdlog\include\spdlog\details</Filter>
    </ClInclude>
    <ClInclude Include="Vendor\spdlog\include\spdlog\details\thread_pool-inl.h">
      <Filter>Vendor\spdlog\include\spdlog\details</Filter>
    </ClInclude>
    <ClInclude Include="Vendor\spdlog\include\spdlog\details\thread_pool.h">
      <Filter>Vendor\spdlog\include\spdlog\details</Filter>
    </ClInclude>
    <ClInclude Include="Vendor\spdlog\include\spdlog\details\windows_include.h">
      <Filter>Vendor\spdlog\include\spdlog\details</Filter>
    </ClInclude>
    <ClInclude Include="Vendor\spdlog\include\spdlog\fmt\bin_to_hex.h">
      <Filter>Vendor\spdlog\include\spdlog\fmt</Filter>
    </ClInclude>
    <ClInclude Include="Vendor\spdlog\include\spdlog\fmt\bundled\chrono.h">
      <Filter>Vendor\spdlog\include\spdlog\fmt\bundled</Filter>
    </ClInclude>
    <ClInclude Include="Vendor\spdlog\include\spdlog\fmt\bundled\color.h">
      <Filter>Vendor\spdlog\include\spdlog\fmt\bundled</Filter>
    </ClInclude>
    <ClInclude Include="Vendor\spdlog\include\spdlog\fmt\bundled\compile.h">
      <Filter>Vendor\spdlog\include\spdlog\fmt\bundled</Filter>
    </ClInclude>
    <ClInclude Include="Vendor\spdlog\include\spdlog\fmt\bundled\core.h">
      <Filter>Vendor\spdlog\include\spdlog\fmt\bundled</Filter>
    </ClInclude>
    <ClInclude Include="Vendor\spdlog\include\spdlog\fmt\bundled\format-inl.h">
      <Filter>Vendor\spdlog\include\spdlog\fmt\bundled</Filter>
    </ClInclude>
    <ClInclude Include="Vendor\spdlog\include\spdlog\fmt\bundled\format.h">
      <Filter>Vendor\spdlog\include\spdlog\fmt\bundled</Filter>
    </ClInclude>
    <ClInclude Include="Vendor\spdlog\include\spdlog\fmt\bundled\locale.h">
      <Filter>Vendor\spdlog\include\spdlog\fmt\bundled</Filter>
    </ClInclude>
    <ClInclude Include="Vendor\spdlog\include\spdlog\fmt\bundled\ostream.h">
      <Filter>Vendor\spdlog\include\spdlog\fmt\bundled</Filter>
    </ClInclude>
    <ClInclude Include="Vendor\spdlog\include\spdlog\fmt\bundled\posix.h">
      <Filter>Vendor\spdlog\include\spdlog\fmt\bundled</Filter>
    </ClInclude>
    <ClInclude Include="Vendor\spdlog\include\spdlog\fmt\bundled\printf.h">
      <Filter>Vendor\spdlog\include\spdlog\fmt\bundled</Filter>
    </ClInclude>
    <ClInclude Include="Vendor\spdlog\include\spdlog\fmt\bundled\ranges.h">
      <Filter>Vendor\spdlog\include\spdlog\fmt\bundled</Filter>
    </ClInclude>
    <ClInclude Include="Vendor\spdlog\include\spdlog\fmt\fmt.h">
      <Filter>Vendor\spdlog\include\spdlog\fmt</Filter>
    </ClInclude>
    <ClInclude Include="Vendor\spdlog\include\spdlog\fmt\ostr.h">
      <Filter>Vendor\spdlog\include\spdlog\fmt</Filter>
    </ClInclude>
    <ClInclude Include="Vendor\spdlog\include\spdlog\formatter.h">
      <Filter>Vendor\spdlog\include\spdlog</Filter>
    </ClInclude>
    <ClInclude Include="Vendor\spdlog\include\spdlog\fwd.h">
      <Filter>Vendor\spdlog\include\spdlog</Filter>
    </ClInclude>
    <ClInclude Include="Vendor\spdlog\include\spdlog\logger-inl.h">
      <Filter>Vendor\spdlog\include\spdlog</Filter>
    </ClInclude>
    <ClInclude Include="Vendor\spdlog\include\spdlog\logger.h">
      <Filter>Vendor\spdlog\include\spdlog</Filter>
    </ClInclude>
    <ClInclude Include="Vendor\spdlog\include\spdlog\pattern_formatter-inl.h">
      <Filter>Vendor\spdlog\include\spdlog</Filter>
    </ClInclude>
    <ClInclude Include="Vendor\spdlog\include\spdlog\pattern_formatter.h">
      <Filter>Vendor\spdlog\include\spdlog</Filter>
    </ClInclude>
    <ClInclude Include="Vendor\spdlog\include\spdlog\sinks\android_sink.h">
      <Filter>Vendor\spdlog\include\spdlog\sinks</Filter>
    </ClInclude>
    <ClInclude Include="Vendor\spdlog\include\spdlog\sinks\ansicolor_sink-inl.h">
      <Filter>Vendor\spdlog\include\spdlog\sinks</Filter>
    </ClInclude>
    <ClInclude Include="Vendor\spdlog\include\spdlog\sinks\ansicolor_sink.h">
      <Filter>Vendor\spdlog\include\spdlog\sinks</Filter>
    </ClInclude>
    <ClInclude Include="Vendor\spdlog\include\spdlog\sinks\base_sink-inl.h">
      <Filter>Vendor\spdlog\include\spdlog\sinks</Filter>
    </ClInclude>
    <ClInclude Include="Vendor\spdlog\include\spdlog\sinks\base_sink.h">
      <Filter>Vendor\spdlog\include\spdlog\sinks</Filter>
    </ClInclude>
    <ClInclude Include="Vendor\spdlog\include\spdlog\sinks\basic_file_sink-inl.h">
      <Filter>Vendor\spdlog\include\spdlog\sinks</Filter>
    </ClInclude>
    <ClInclude Include="Vendor\spdlog\include\spdlog\sinks\basic_file_sink.h">
      <Filter>Vendor\spdlog\include\spdlog\sinks</Filter>
    </ClInclude>
    <ClInclude Include="Vendor\spdlog\include\spdlog\sinks\daily_file_sink.h">
      <Filter>Vendor\spdlog\include\spdlog\sinks</Filter>
    </ClInclude>
    <ClInclude Include="Vendor\spdlog\include\spdlog\sinks\dist_sink.h">
      <Filter>Vendor\spdlog\include\spdlog\sinks</Filter>
    </ClInclude>
    <ClInclude Include="Vendor\spdlog\include\spdlog\sinks\dup_filter_sink.h">
      <Filter>Vendor\spdlog\include\spdlog\sinks</Filter>
    </ClInclude>
    <ClInclude Include="Vendor\spdlog\include\spdlog\sinks\msvc_sink.h">
      <Filter>Vendor\spdlog\include\spdlog\sinks</Filter>
    </ClInclude>
    <ClInclude Include="Vendor\spdlog\include\spdlog\sinks\null_sink.h">
      <Filter>Vendor\spdlog\include\spdlog\sinks</Filter>
    </ClInclude>
    <ClInclude Include="Vendor\spdlog\include\spdlog\sinks\ostream_sink.h">
      <Filter>Vendor\spdlog\include\spdlog\sinks</Filter>
    </ClInclude>
    <ClInclude Include="Vendor\spdlog\include\spdlog\sinks\ringbuffer_sink.h">
      <Filter>Vendor\spdlog\include\spdlog\sinks</Filter>
    </ClInclude>
    <ClInclude Include="Vendor\spdlog\include\spdlog\sinks\rotating_file_sink-inl.h">
      <Filter>Vendor\spdlog\include\spdlog\sinks</Filter>
    </ClInclude>
    <ClInclude Include="Vendor\spdlog\include\spdlog\sinks\rotating_file_sink.h">
      <Filter>Vendor\spdlog\include\spdlog\sinks</Filter>
    </ClInclude>
    <ClInclude Include="Vendor\spdlog\include\spdlog\sinks\sink-inl.h">
      <Filter>Vendor\spdlog\include\spdlog\sinks</Filter>
    </ClInclude>
    <ClInclude Include="Vendor\spdlog\include\spdlog\sinks\sink.h">
      <Filter>Vendor\spdlog\include\spdlog\sinks</Filter>
    </ClInclude>
    <ClInclude Include="Vendor\spdlog\include\spdlog\sinks\stdout_color_sinks-inl.h">
      <Filter>Vendor\spdlog\include\spdlog\sinks</Filter>
    </ClInclude>
    <ClInclude Include="Vendor\spdlog\include\spdlog\sinks\stdout_color_sinks.h">
      <Filter>Vendor\spdlog\include\spdlog\sinks</Filter>
    </ClInclude>
    <ClInclude Include="Vendor\spdlog\include\spdlog\sinks\stdout_sinks-inl.h">
      <Filter>Vendor\spdlog\include\spdlog\sinks</Filter>
    </ClInclude>
    <ClInclude Include="Vendor\spdlog\include\spdlog\sinks\stdout_sinks.h">
      <Filter>Vendor\spdlog\include\spdlog\sinks</Filter>
    </ClInclude>
    <ClInclude Include="Vendor\spdlog\include\spdlog\sinks\syslog_sink.h">
      <Filter>Vendor\spdlog\include\spdlog\sinks</Filter>
    </ClInclude>
    <ClInclude Include="Vendor\spdlog\include\spdlog\sinks\systemd_sink.h">
      <Filter>Vendor\spdlog\include\spdlog\sinks</Filter>
    </ClInclude>
    <ClInclude Include="Vendor\spdlog\include\spdlog\sinks\tcp_sink.h">
      <Filter>Vendor\spdlog\include\spdlog\sinks</Filter>
    </ClInclude>
    <ClInclude Include="Vendor\spdlog\include\spdlog\sinks\win_eventlog_sink.h">
      <Filter>Vendor\spdlog\include\spdlog\sinks</Filter>
    </ClInclude>
    <ClInclude Include="Vendor\spdlog\include\spdlog\sinks\wincolor_sink-inl.h">
      <Filter>Vendor\spdlog\include\spdlog\sinks</Filter>
    </ClInclude>
    <ClInclude Include="Vendor\spdlog\include\spdlog\sinks\wincolor_sink.h">
      <Filter>Vendor\spdlog\include\spdlog\sinks</Filter>
    </ClInclude>
    <ClInclude Include="Vendor\spdlog\include\spdlog\spdlog-inl.h">
      <Filter>Vendor\spdlog\include\spdlog</Filter>
    </ClInclude>
    <ClInclude Include="Vendor\spdlog\include\spdlog\spdlog.h">
      <Filter>Vendor\spdlog\include\spdlog</Filter>
    </ClInclude>
    <ClInclude Include="Vendor\spdlog\include\spdlog\tweakme.h">
      <Filter>Vendor\spdlog\include\spdlog</Filter>
    </ClInclude>
    <ClInclude Include="Vendor\spdlog\include\spdlog\version.h">
      <Filter>Vendor\spdlog\include\spdlog</Filter>
    </ClInclude>
    <ClInclude Include="Vendor\spdlog\tests\catch.hpp">
      <Filter>Vendor\spdlog\tests</Filter>
    </ClInclude>
    <ClInclude Include="Vendor\spdlog\tests\includes.h">
      <Filter>Vendor\spdlog\tests</Filter>
    </ClInclude>
    <ClInclude Include="Vendor\spdlog\tests\test_sink.h">
      <Filter>Vendor\spdlog\tests</Filter>
    </ClInclude>
    <ClInclude Include="Vendor\spdlog\tests\utils.h">
      <Filter>Vendor\spdlog\tests</Filter>
    </ClInclude>
    <ClInclude Include="src\Flipper\Application.h">
      <Filter>src\Flipper</Filter>
    </ClInclude>
    <ClInclude Include="src\Flipper\Core.h">
      <Filter>src\Flipper</Filter>
    </ClInclude>
    <ClInclude Include="src\Flipper\EntryPoint.h">
      <Filter>src\Flipper</Filter>
    </ClInclude>
    <ClInclude Include="src\Flipper\Log.h">
      <Filter>src\Flipper</Filter>
    </ClInclude>
    <ClInclude Include="src\Flipper\PlayerControl.h">
      <Filter>src\Flipper</Filter>
    </ClInclude>
    <ClInclude Include="src\Flipper\Render.h">
      <Filter>src\Flipper</Filter>
    </ClInclude>
    <ClInclude Include="src\FlipperEngine.h">
      <Filter>src</Filter>
    </ClInclude>
  </ItemGroup>
  <ItemGroup>
    <ClCompile Include="Vendor\spdlog\bench\async_bench.cpp">
      <Filter>Vendor\spdlog\bench</Filter>
    </ClCompile>
    <ClCompile Include="Vendor\spdlog\bench\bench.cpp">
      <Filter>Vendor\spdlog\bench</Filter>
    </ClCompile>
    <ClCompile Include="Vendor\spdlog\bench\formatter-bench.cpp">
      <Filter>Vendor\spdlog\bench</Filter>
    </ClCompile>
    <ClCompile Include="Vendor\spdlog\bench\latency.cpp">
      <Filter>Vendor\spdlog\bench</Filter>
    </ClCompile>
    <ClCompile Include="Vendor\spdlog\example\example.cpp">
      <Filter>Vendor\spdlog\example</Filter>
    </ClCompile>
    <ClCompile Include="Vendor\spdlog\src\async.cpp">
      <Filter>Vendor\spdlog\src</Filter>
    </ClCompile>
    <ClCompile Include="Vendor\spdlog\src\cfg.cpp">
      <Filter>Vendor\spdlog\src</Filter>
    </ClCompile>
    <ClCompile Include="Vendor\spdlog\src\color_sinks.cpp">
      <Filter>Vendor\spdlog\src</Filter>
    </ClCompile>
    <ClCompile Include="Vendor\spdlog\src\file_sinks.cpp">
      <Filter>Vendor\spdlog\src</Filter>
    </ClCompile>
    <ClCompile Include="Vendor\spdlog\src\fmt.cpp">
      <Filter>Vendor\spdlog\src</Filter>
    </ClCompile>
    <ClCompile Include="Vendor\spdlog\src\spdlog.cpp">
      <Filter>Vendor\spdlog\src</Filter>
    </ClCompile>
    <ClCompile Include="Vendor\spdlog\src\stdout_sinks.cpp">
      <Filter>Vendor\spdlog\src</Filter>
    </ClCompile>
    <ClCompile Include="Vendor\spdlog\tests\main.cpp">
      <Filter>Vendor\spdlog\tests</Filter>
    </ClCompile>
    <ClCompile Include="Vendor\spdlog\tests\test_async.cpp">
      <Filter>Vendor\spdlog\tests</Filter>
    </ClCompile>
    <ClCompile Include="Vendor\spdlog\tests\test_backtrace.cpp">
      <Filter>Vendor\spdlog\tests</Filter>
    </ClCompile>
    <ClCompile Include="Vendor\spdlog\tests\test_cfg.cpp">
      <Filter>Vendor\spdlog\tests</Filter>
    </ClCompile>
    <ClCompile Include="Vendor\spdlog\tests\test_create_dir.cpp">
      <Filter>Vendor\spdlog\tests</Filter>
    </ClCompile>
    <ClCompile Include="Vendor\spdlog\tests\test_daily_logger.cpp">
      <Filter>Vendor\spdlog\tests</Filter>
    </ClCompile>
    <ClCompile Include="Vendor\spdlog\tests\test_dup_filter.cpp">
      <Filter>Vendor\spdlog\tests</Filter>
    </ClCompile>
    <ClCompile Include="Vendor\spdlog\tests\test_errors.cpp">
      <Filter>Vendor\spdlog\tests</Filter>
    </ClCompile>
    <ClCompile Include="Vendor\spdlog\tests\test_eventlog.cpp">
      <Filter>Vendor\spdlog\tests</Filter>
    </ClCompile>
    <ClCompile Include="Vendor\spdlog\tests\test_file_helper.cpp">
      <Filter>Vendor\spdlog\tests</Filter>
    </ClCompile>
    <ClCompile Include="Vendor\spdlog\tests\test_file_logging.cpp">
      <Filter>Vendor\spdlog\tests</Filter>
    </ClCompile>
    <ClCompile Include="Vendor\spdlog\tests\test_fmt_helper.cpp">
      <Filter>Vendor\spdlog\tests</Filter>
    </ClCompile>
    <ClCompile Include="Vendor\spdlog\tests\test_macros.cpp">
      <Filter>Vendor\spdlog\tests</Filter>
    </ClCompile>
    <ClCompile Include="Vendor\spdlog\tests\test_misc.cpp">
      <Filter>Vendor\spdlog\tests</Filter>
    </ClCompile>
    <ClCompile Include="Vendor\spdlog\tests\test_mpmc_q.cpp">
      <Filter>Vendor\spdlog\tests</Filter>
    </ClCompile>
    <ClCompile Include="Vendor\spdlog\tests\test_pattern_formatter.cpp">
      <Filter>Vendor\spdlog\tests</Filter>
    </ClCompile>
    <ClCompile Include="Vendor\spdlog\tests\test_registry.cpp">
      <Filter>Vendor\spdlog\tests</Filter>
    </ClCompile>
    <ClCompile Include="Vendor\spdlog\tests\test_stdout_api.cpp">
      <Filter>Vendor\spdlog\tests</Filter>
    </ClCompile>
    <ClCompile Include="Vendor\spdlog\tests\test_systemd.cpp">
      <Filter>Vendor\spdlog\tests</Filter>
    </ClCompile>
    <ClCompile Include="Vendor\spdlog\tests\test_time_point.cpp">
      <Filter>Vendor\spdlog\tests</Filter>
    </ClCompile>
    <ClCompile Include="Vendor\spdlog\tests\utils.cpp">
      <Filter>Vendor\spdlog\tests</Filter>
    </ClCompile>
    <ClCompile Include="src\Flipper\Application.cpp">
      <Filter>src\Flipper</Filter>
    </ClCompile>
    <ClCompile Include="src\Flipper\Log.cpp">
      <Filter>src\Flipper</Filter>
    </ClCompile>
    <ClCompile Include="src\Flipper\PlayerControl.cpp">
      <Filter>src\Flipper</Filter>
    </ClCompile>
    <ClCompile Include="src\Flipper\Render.cpp">
      <Filter>src\Flipper</Filter>
    </ClCompile>
  </ItemGroup>
  <ItemGroup>
    <None Include="Flipper.vcxproj" />
    <None Include="Flipper.vcxproj.filters" />
    <None Include="Flipper.vcxproj.user" />
    <None Include="SDL2.dll" />
    <None Include="SDL2_image.dll" />
    <None Include="Vendor\SDL2-2.0.12\BUGS.txt">
      <Filter>Vendor\SDL2-2.0.12</Filter>
    </None>
    <None Include="Vendor\SDL2-2.0.12\COPYING.txt">
      <Filter>Vendor\SDL2-2.0.12</Filter>
    </None>
    <None Include="Vendor\SDL2-2.0.12\README-SDL.txt">
      <Filter>Vendor\SDL2-2.0.12</Filter>
    </None>
    <None Include="Vendor\SDL2-2.0.12\README.txt">
      <Filter>Vendor\SDL2-2.0.12</Filter>
    </None>
    <None Include="Vendor\SDL2-2.0.12\WhatsNew.txt">
      <Filter>Vendor\SDL2-2.0.12</Filter>
    </None>
    <None Include="Vendor\SDL2-2.0.12\docs\README-android.md">
      <Filter>Vendor\SDL2-2.0.12\docs</Filter>
    </None>
    <None Include="Vendor\SDL2-2.0.12\docs\README-cmake.md">
      <Filter>Vendor\SDL2-2.0.12\docs</Filter>
    </None>
    <None Include="Vendor\SDL2-2.0.12\docs\README-directfb.md">
      <Filter>Vendor\SDL2-2.0.12\docs</Filter>
    </None>
    <None Include="Vendor\SDL2-2.0.12\docs\README-dynapi.md">
      <Filter>Vendor\SDL2-2.0.12\docs</Filter>
    </None>
    <None Include="Vendor\SDL2-2.0.12\docs\README-emscripten.md">
      <Filter>Vendor\SDL2-2.0.12\docs</Filter>
    </None>
    <None Include="Vendor\SDL2-2.0.12\docs\README-gesture.md">
      <Filter>Vendor\SDL2-2.0.12\docs</Filter>
    </None>
    <None Include="Vendor\SDL2-2.0.12\docs\README-hg.md">
      <Filter>Vendor\SDL2-2.0.12\docs</Filter>
    </None>
    <None Include="Vendor\SDL2-2.0.12\docs\README-ios.md">
      <Filter>Vendor\SDL2-2.0.12\docs</Filter>
    </None>
    <None Include="Vendor\SDL2-2.0.12\docs\README-linux.md">
      <Filter>Vendor\SDL2-2.0.12\docs</Filter>
    </None>
    <None Include="Vendor\SDL2-2.0.12\docs\README-macosx.md">
      <Filter>Vendor\SDL2-2.0.12\docs</Filter>
    </None>
    <None Include="Vendor\SDL2-2.0.12\docs\README-nacl.md">
      <Filter>Vendor\SDL2-2.0.12\docs</Filter>
    </None>
    <None Include="Vendor\SDL2-2.0.12\docs\README-pandora.md">
      <Filter>Vendor\SDL2-2.0.12\docs</Filter>
    </None>
    <None Include="Vendor\SDL2-2.0.12\docs\README-platforms.md">
      <Filter>Vendor\SDL2-2.0.12\docs</Filter>
    </None>
    <None Include="Vendor\SDL2-2.0.12\docs\README-porting.md">
      <Filter>Vendor\SDL2-2.0.12\docs</Filter>
    </None>
    <None Include="Vendor\SDL2-2.0.12\docs\README-psp.md">
      <Filter>Vendor\SDL2-2.0.12\docs</Filter>
    </None>
    <None Include="Vendor\SDL2-2.0.12\docs\README-raspberrypi.md">
      <Filter>Vendor\SDL2-2.0.12\docs</Filter>
    </None>
    <None Include="Vendor\SDL2-2.0.12\docs\README-touch.md">
      <Filter>Vendor\SDL2-2.0.12\docs</Filter>
    </None>
    <None Include="Vendor\SDL2-2.0.12\docs\README-wince.md">
      <Filter>Vendor\SDL2-2.0.12\docs</Filter>
    </None>
    <None Include="Vendor\SDL2-2.0.12\docs\README-windows.md">
      <Filter>Vendor\SDL2-2.0.12\docs</Filter>
    </None>
    <None Include="Vendor\SDL2-2.0.12\docs\README-winrt.md">
      <Filter>Vendor\SDL2-2.0.12\docs</Filter>
    </None>
    <None Include="Vendor\SDL2-2.0.12\docs\README.md">
      <Filter>Vendor\SDL2-2.0.12\docs</Filter>
    </None>
    <None Include="Vendor\SDL2-2.0.12\docs\doxyfile">
      <Filter>Vendor\SDL2-2.0.12\docs</Filter>
    </None>
    <None Include="Vendor\SDL2-2.0.12\include\SDL_config.h.cmake">
      <Filter>Vendor\SDL2-2.0.12\include</Filter>
    </None>
    <None Include="Vendor\SDL2-2.0.12\include\SDL_config.h.in">
      <Filter>Vendor\SDL2-2.0.12\include</Filter>
    </None>
    <None Include="Vendor\SDL2-2.0.12\include\SDL_config_macosx.h.orig">
      <Filter>Vendor\SDL2-2.0.12\include</Filter>
    </None>
    <None Include="Vendor\SDL2-2.0.12\lib\x64\SDL2.dll">
      <Filter>Vendor\SDL2-2.0.12\lib\x64</Filter>
    </None>
    <None Include="Vendor\SDL2-2.0.12\lib\x64\SDL2.lib">
      <Filter>Vendor\SDL2-2.0.12\lib\x64</Filter>
    </None>
    <None Include="Vendor\SDL2-2.0.12\lib\x64\SDL2_image.dll">
      <Filter>Vendor\SDL2-2.0.12\lib\x64</Filter>
    </None>
    <None Include="Vendor\SDL2-2.0.12\lib\x64\SDL2_image.lib">
      <Filter>Vendor\SDL2-2.0.12\lib\x64</Filter>
    </None>
    <None Include="Vendor\SDL2-2.0.12\lib\x64\SDL2main.lib">
      <Filter>Vendor\SDL2-2.0.12\lib\x64</Filter>
    </None>
    <None Include="Vendor\SDL2-2.0.12\lib\x64\SDL2test.lib">
      <Filter>Vendor\SDL2-2.0.12\lib\x64</Filter>
    </None>
    <None Include="Vendor\SDL2-2.0.12\lib\x64\libjpeg-9.dll">
      <Filter>Vendor\SDL2-2.0.12\lib\x64</Filter>
    </None>
    <None Include="Vendor\SDL2-2.0.12\lib\x64\libpng16-16.dll">
      <Filter>Vendor\SDL2-2.0.12\lib\x64</Filter>
    </None>
    <None Include="Vendor\SDL2-2.0.12\lib\x64\libtiff-5.dll">
      <Filter>Vendor\SDL2-2.0.12\lib\x64</Filter>
    </None>
    <None Include="Vendor\SDL2-2.0.12\lib\x64\libwebp-7.dll">
      <Filter>Vendor\SDL2-2.0.12\lib\x64</Filter>
    </None>
    <None Include="Vendor\SDL2-2.0.12\lib\x64\zlib1.dll">
      <Filter>Vendor\SDL2-2.0.12\lib\x64</Filter>
    </None>
    <None Include="Vendor\SDL2-2.0.12\lib\x86\SDL2.dll">
      <Filter>Vendor\SDL2-2.0.12\lib\x86</Filter>
    </None>
    <None Include="Vendor\SDL2-2.0.12\lib\x86\SDL2.lib">
      <Filter>Vendor\SDL2-2.0.12\lib\x86</Filter>
    </None>
    <None Include="Vendor\SDL2-2.0.12\lib\x86\SDL2main.lib">
      <Filter>Vendor\SDL2-2.0.12\lib\x86</Filter>
    </None>
    <None Include="Vendor\SDL2-2.0.12\lib\x86\SDL2test.lib">
      <Filter>Vendor\SDL2-2.0.12\lib\x86</Filter>
    </None>
    <None Include="Vendor\spdlog\.clang-format">
      <Filter>Vendor\spdlog</Filter>
    </None>
    <None Include="Vendor\spdlog\.clang-tidy">
      <Filter>Vendor\spdlog</Filter>
    </None>
    <None Include="Vendor\spdlog\.git">
      <Filter>Vendor\spdlog</Filter>
    </None>
    <None Include="Vendor\spdlog\.gitattributes">
      <Filter>Vendor\spdlog</Filter>
    </None>
    <None Include="Vendor\spdlog\.gitignore">
      <Filter>Vendor\spdlog</Filter>
    </None>
    <None Include="Vendor\spdlog\.travis.yml">
      <Filter>Vendor\spdlog</Filter>
    </None>
    <None Include="Vendor\spdlog\CMakeLists.txt">
      <Filter>Vendor\spdlog</Filter>
    </None>
    <None Include="Vendor\spdlog\INSTALL">
      <Filter>Vendor\spdlog</Filter>
    </None>
    <None Include="Vendor\spdlog\LICENSE">
      <Filter>Vendor\spdlog</Filter>
    </None>
    <None Include="Vendor\spdlog\README.md">
      <Filter>Vendor\spdlog</Filter>
    </None>
    <None Include="Vendor\spdlog\appveyor.yml">
      <Filter>Vendor\spdlog</Filter>
    </None>
    <None Include="Vendor\spdlog\bench\CMakeLists.txt">
      <Filter>Vendor\spdlog\bench</Filter>
    </None>
    <None Include="Vendor\spdlog\cmake\ide.cmake">
      <Filter>Vendor\spdlog\cmake</Filter>
    </None>
    <None Include="Vendor\spdlog\cmake\pch.h.in">
      <Filter>Vendor\spdlog\cmake</Filter>
    </None>
    <None Include="Vendor\spdlog\cmake\spdlog.pc.in">
      <Filter>Vendor\spdlog\cmake</Filter>
    </None>
    <None Include="Vendor\spdlog\cmake\spdlogCPack.cmake">
      <Filter>Vendor\spdlog\cmake</Filter>
    </None>
    <None Include="Vendor\spdlog\cmake\spdlogConfig.cmake.in">
      <Filter>Vendor\spdlog\cmake</Filter>
    </None>
    <None Include="Vendor\spdlog\cmake\utils.cmake">
      <Filter>Vendor\spdlog\cmake</Filter>
    </None>
    <None Include="Vendor\spdlog\cmake\version.rc.in">
      <Filter>Vendor\spdlog\cmake</Filter>
    </None>
    <None Include="Vendor\spdlog\example\CMakeLists.txt">
      <Filter>Vendor\spdlog\example</Filter>
    </None>
    <None Include="Vendor\spdlog\include\spdlog\fmt\bundled\LICENSE.rst">
      <Filter>Vendor\spdlog\include\spdlog\fmt\bundled</Filter>
    </None>
    <None Include="Vendor\spdlog\logos\jetbrains-variant-4.svg">
      <Filter>Vendor\spdlog\logos</Filter>
    </None>
    <None Include="Vendor\spdlog\scripts\extract_version.py">
      <Filter>Vendor\spdlog\scripts</Filter>
    </None>
    <None Include="Vendor\spdlog\scripts\format.sh">
      <Filter>Vendor\spdlog\scripts</Filter>
    </None>
    <None Include="Vendor\spdlog\tests\CMakeLists.txt">
      <Filter>Vendor\spdlog\tests</Filter>
    </None>
    <None Include="Vendor\spdlog\tests\catch.license">
      <Filter>Vendor\spdlog\tests</Filter>
    </None>
    <None Include="libjpeg-9.dll" />
    <None Include="libpng16-16.dll" />
    <None Include="libtiff-5.dll" />
    <None Include="libwebp-7.dll" />
    <None Include="zlib1.dll" />
  </ItemGroup>
</Project>